
Microsoft Visual Studio Solution File, Format Version 12.00
# Visual Studio Version 16
VisualStudioVersion = 16.0.30330.147
MinimumVisualStudioVersion = 10.0.40219.1
Project("{FAE04EC0-301F-11D3-BF4B-00C04F79EFBC}") = "Lab_6_C", "Lab_6_C.csproj", "{7DAF3CA0-3A4B-472B-B296-698F83A5F877}"
EndProject
Global
	GlobalSection(SolutionConfigurationPlatforms) = preSolution
		Debug|Any CPU = Debug|Any CPU
		Release|Any CPU = Release|Any CPU
	EndGlobalSection
	GlobalSection(ProjectConfigurationPlatforms) = postSolution
		{7DAF3CA0-3A4B-472B-B296-698F83A5F877}.Debug|Any CPU.ActiveCfg = Debug|Any CPU
		{7DAF3CA0-3A4B-472B-B296-698F83A5F877}.Debug|Any CPU.Build.0 = Debug|Any CPU
		{7DAF3CA0-3A4B-472B-B296-698F83A5F877}.Release|Any CPU.ActiveCfg = Release|Any CPU
		{7DAF3CA0-3A4B-472B-B296-698F83A5F877}.Release|Any CPU.Build.0 = Release|Any CPU
	EndGlobalSection
	GlobalSection(SolutionProperties) = preSolution
		HideSolutionNode = FALSE
	EndGlobalSection
	GlobalSection(ExtensibilityGlobals) = postSolution
		SolutionGuid = {84A1C456-F854-4944-A378-204394BE250B}
	EndGlobalSection
EndGlobal
