
Microsoft Visual Studio Solution File, Format Version 12.00
# Visual Studio Version 16
VisualStudioVersion = 16.0.31410.357
MinimumVisualStudioVersion = 10.0.40219.1
Project("{FAE04EC0-301F-11D3-BF4B-00C04F79EFBC}") = "Lab9A", "Lab9A\Lab9A.csproj", "{3455799E-94E0-4045-9D69-E8CE24AF8C40}"
EndProject
Global
	GlobalSection(SolutionConfigurationPlatforms) = preSolution
		Debug|Any CPU = Debug|Any CPU
		Release|Any CPU = Release|Any CPU
	EndGlobalSection
	GlobalSection(ProjectConfigurationPlatforms) = postSolution
		{3455799E-94E0-4045-9D69-E8CE24AF8C40}.Debug|Any CPU.ActiveCfg = Debug|Any CPU
		{3455799E-94E0-4045-9D69-E8CE24AF8C40}.Debug|Any CPU.Build.0 = Debug|Any CPU
		{3455799E-94E0-4045-9D69-E8CE24AF8C40}.Release|Any CPU.ActiveCfg = Release|Any CPU
		{3455799E-94E0-4045-9D69-E8CE24AF8C40}.Release|Any CPU.Build.0 = Release|Any CPU
	EndGlobalSection
	GlobalSection(SolutionProperties) = preSolution
		HideSolutionNode = FALSE
	EndGlobalSection
	GlobalSection(ExtensibilityGlobals) = postSolution
		SolutionGuid = {A184B7F6-0C4F-42D2-A8B5-06073BDFE7F1}
	EndGlobalSection
EndGlobal
