
Microsoft Visual Studio Solution File, Format Version 12.00
# Visual Studio Version 16
VisualStudioVersion = 16.0.31410.357
MinimumVisualStudioVersion = 10.0.40219.1
Project("{FAE04EC0-301F-11D3-BF4B-00C04F79EFBC}") = "Lab7", "Lab7\Lab7.csproj", "{7C9EB131-972D-440B-A9BE-0C27B0840F05}"
EndProject
Global
	GlobalSection(SolutionConfigurationPlatforms) = preSolution
		Debug|Any CPU = Debug|Any CPU
		Release|Any CPU = Release|Any CPU
	EndGlobalSection
	GlobalSection(ProjectConfigurationPlatforms) = postSolution
		{7C9EB131-972D-440B-A9BE-0C27B0840F05}.Debug|Any CPU.ActiveCfg = Debug|Any CPU
		{7C9EB131-972D-440B-A9BE-0C27B0840F05}.Debug|Any CPU.Build.0 = Debug|Any CPU
		{7C9EB131-972D-440B-A9BE-0C27B0840F05}.Release|Any CPU.ActiveCfg = Release|Any CPU
		{7C9EB131-972D-440B-A9BE-0C27B0840F05}.Release|Any CPU.Build.0 = Release|Any CPU
	EndGlobalSection
	GlobalSection(SolutionProperties) = preSolution
		HideSolutionNode = FALSE
	EndGlobalSection
	GlobalSection(ExtensibilityGlobals) = postSolution
		SolutionGuid = {70B4E12B-D505-4E91-93CB-E045BE23CE38}
	EndGlobalSection
EndGlobal
